// !$*UTF8*$!
{
	archiveVersion = 1;
	classes = {
	};
	objectVersion = 46;
	objects = {

/* Begin PBXBuildFile section */
		EB3D0F911C73018000C468FC /* main.m in Sources */ = {isa = PBXBuildFile; fileRef = EB3D0F901C73018000C468FC /* main.m */; };
		EB3D0F941C73018000C468FC /* AppDelegate.m in Sources */ = {isa = PBXBuildFile; fileRef = EB3D0F931C73018000C468FC /* AppDelegate.m */; };
		EB3D0F9A1C73018000C468FC /* Main.storyboard in Resources */ = {isa = PBXBuildFile; fileRef = EB3D0F981C73018000C468FC /* Main.storyboard */; };
		EB3D0F9C1C73018000C468FC /* Assets.xcassets in Resources */ = {isa = PBXBuildFile; fileRef = EB3D0F9B1C73018000C468FC /* Assets.xcassets */; };
		EB3D0F9F1C73018000C468FC /* LaunchScreen.storyboard in Resources */ = {isa = PBXBuildFile; fileRef = EB3D0F9D1C73018000C468FC /* LaunchScreen.storyboard */; };
		EB3D0FAA1C73018000C468FC /* listsTests.m in Sources */ = {isa = PBXBuildFile; fileRef = EB3D0FA91C73018000C468FC /* listsTests.m */; };
		EB3D0FB51C73018100C468FC /* listsUITests.m in Sources */ = {isa = PBXBuildFile; fileRef = EB3D0FB41C73018100C468FC /* listsUITests.m */; };
		EBC5404C1C7E1A7E0038A645 /* ListTableViewCell.m in Sources */ = {isa = PBXBuildFile; fileRef = EBC5404B1C7E1A7E0038A645 /* ListTableViewCell.m */; };
		EBC5404F1C7E3CF80038A645 /* ListDetailViewController.m in Sources */ = {isa = PBXBuildFile; fileRef = EBC5404E1C7E3CF80038A645 /* ListDetailViewController.m */; };
		EBC540521C7E3FC30038A645 /* ListTextItemTableViewCell.m in Sources */ = {isa = PBXBuildFile; fileRef = EBC540511C7E3FC30038A645 /* ListTextItemTableViewCell.m */; };
		EBD224501C7D02A000BFB4A6 /* HomeTableViewController.m in Sources */ = {isa = PBXBuildFile; fileRef = EBD2244F1C7D02A000BFB4A6 /* HomeTableViewController.m */; };
/* End PBXBuildFile section */

/* Begin PBXContainerItemProxy section */
		EB3D0FA61C73018000C468FC /* PBXContainerItemProxy */ = {
			isa = PBXContainerItemProxy;
			containerPortal = EB3D0F841C73018000C468FC /* Project object */;
			proxyType = 1;
			remoteGlobalIDString = EB3D0F8B1C73018000C468FC;
			remoteInfo = lists;
		};
		EB3D0FB11C73018100C468FC /* PBXContainerItemProxy */ = {
			isa = PBXContainerItemProxy;
			containerPortal = EB3D0F841C73018000C468FC /* Project object */;
			proxyType = 1;
			remoteGlobalIDString = EB3D0F8B1C73018000C468FC;
			remoteInfo = lists;
		};
/* End PBXContainerItemProxy section */

/* Begin PBXFileReference section */
		4BE1145529EE6CC731D0D40B /* libPods.a */ = {isa = PBXFileReference; explicitFileType = archive.ar; includeInIndex = 0; path = libPods.a; sourceTree = BUILT_PRODUCTS_DIR; };
		88FEDE5913035D01D3B26C40 /* Pods.debug.xcconfig */ = {isa = PBXFileReference; includeInIndex = 1; lastKnownFileType = text.xcconfig; name = Pods.debug.xcconfig; path = "Pods/Target Support Files/Pods/Pods.debug.xcconfig"; sourceTree = "<group>"; };
		A05F17557B2F5981DA69E953 /* Pods.release.xcconfig */ = {isa = PBXFileReference; includeInIndex = 1; lastKnownFileType = text.xcconfig; name = Pods.release.xcconfig; path = "Pods/Target Support Files/Pods/Pods.release.xcconfig"; sourceTree = "<group>"; };
		EB3D0F8C1C73018000C468FC /* lists.app */ = {isa = PBXFileReference; explicitFileType = wrapper.application; includeInIndex = 0; path = lists.app; sourceTree = BUILT_PRODUCTS_DIR; };
		EB3D0F901C73018000C468FC /* main.m */ = {isa = PBXFileReference; lastKnownFileType = sourcecode.c.objc; path = main.m; sourceTree = "<group>"; };
		EB3D0F921C73018000C468FC /* AppDelegate.h */ = {isa = PBXFileReference; lastKnownFileType = sourcecode.c.h; path = AppDelegate.h; sourceTree = "<group>"; };
		EB3D0F931C73018000C468FC /* AppDelegate.m */ = {isa = PBXFileReference; lastKnownFileType = sourcecode.c.objc; path = AppDelegate.m; sourceTree = "<group>"; };
		EB3D0F991C73018000C468FC /* Base */ = {isa = PBXFileReference; lastKnownFileType = file.storyboard; name = Base; path = Base.lproj/Main.storyboard; sourceTree = "<group>"; };
		EB3D0F9B1C73018000C468FC /* Assets.xcassets */ = {isa = PBXFileReference; lastKnownFileType = folder.assetcatalog; path = Assets.xcassets; sourceTree = "<group>"; };
		EB3D0F9E1C73018000C468FC /* Base */ = {isa = PBXFileReference; lastKnownFileType = file.storyboard; name = Base; path = Base.lproj/LaunchScreen.storyboard; sourceTree = "<group>"; };
		EB3D0FA01C73018000C468FC /* Info.plist */ = {isa = PBXFileReference; lastKnownFileType = text.plist.xml; path = Info.plist; sourceTree = "<group>"; };
		EB3D0FA51C73018000C468FC /* listsTests.xctest */ = {isa = PBXFileReference; explicitFileType = wrapper.cfbundle; includeInIndex = 0; path = listsTests.xctest; sourceTree = BUILT_PRODUCTS_DIR; };
		EB3D0FA91C73018000C468FC /* listsTests.m */ = {isa = PBXFileReference; lastKnownFileType = sourcecode.c.objc; path = listsTests.m; sourceTree = "<group>"; };
		EB3D0FAB1C73018000C468FC /* Info.plist */ = {isa = PBXFileReference; lastKnownFileType = text.plist.xml; path = Info.plist; sourceTree = "<group>"; };
		EB3D0FB01C73018100C468FC /* listsUITests.xctest */ = {isa = PBXFileReference; explicitFileType = wrapper.cfbundle; includeInIndex = 0; path = listsUITests.xctest; sourceTree = BUILT_PRODUCTS_DIR; };
		EB3D0FB41C73018100C468FC /* listsUITests.m */ = {isa = PBXFileReference; lastKnownFileType = sourcecode.c.objc; path = listsUITests.m; sourceTree = "<group>"; };
		EB3D0FB61C73018100C468FC /* Info.plist */ = {isa = PBXFileReference; lastKnownFileType = text.plist.xml; path = Info.plist; sourceTree = "<group>"; };
		EBC5404A1C7E1A7E0038A645 /* ListTableViewCell.h */ = {isa = PBXFileReference; fileEncoding = 4; lastKnownFileType = sourcecode.c.h; path = ListTableViewCell.h; sourceTree = "<group>"; };
		EBC5404B1C7E1A7E0038A645 /* ListTableViewCell.m */ = {isa = PBXFileReference; fileEncoding = 4; lastKnownFileType = sourcecode.c.objc; path = ListTableViewCell.m; sourceTree = "<group>"; };
		EBC5404D1C7E3CF80038A645 /* ListDetailViewController.h */ = {isa = PBXFileReference; fileEncoding = 4; lastKnownFileType = sourcecode.c.h; path = ListDetailViewController.h; sourceTree = "<group>"; };
		EBC5404E1C7E3CF80038A645 /* ListDetailViewController.m */ = {isa = PBXFileReference; fileEncoding = 4; lastKnownFileType = sourcecode.c.objc; path = ListDetailViewController.m; sourceTree = "<group>"; };
		EBC540501C7E3FC30038A645 /* ListTextItemTableViewCell.h */ = {isa = PBXFileReference; fileEncoding = 4; lastKnownFileType = sourcecode.c.h; path = ListTextItemTableViewCell.h; sourceTree = "<group>"; };
		EBC540511C7E3FC30038A645 /* ListTextItemTableViewCell.m */ = {isa = PBXFileReference; fileEncoding = 4; lastKnownFileType = sourcecode.c.objc; path = ListTextItemTableViewCell.m; sourceTree = "<group>"; };
		EBD2244E1C7D02A000BFB4A6 /* HomeTableViewController.h */ = {isa = PBXFileReference; fileEncoding = 4; lastKnownFileType = sourcecode.c.h; path = HomeTableViewController.h; sourceTree = "<group>"; };
		EBD2244F1C7D02A000BFB4A6 /* HomeTableViewController.m */ = {isa = PBXFileReference; fileEncoding = 4; lastKnownFileType = sourcecode.c.objc; path = HomeTableViewController.m; sourceTree = "<group>"; };
/* End PBXFileReference section */

/* Begin PBXFrameworksBuildPhase section */
		EB3D0F891C73018000C468FC /* Frameworks */ = {
			isa = PBXFrameworksBuildPhase;
			buildActionMask = 2147483647;
			files = (
			);
			runOnlyForDeploymentPostprocessing = 0;
		};
		EB3D0FA21C73018000C468FC /* Frameworks */ = {
			isa = PBXFrameworksBuildPhase;
			buildActionMask = 2147483647;
			files = (
			);
			runOnlyForDeploymentPostprocessing = 0;
		};
		EB3D0FAD1C73018000C468FC /* Frameworks */ = {
			isa = PBXFrameworksBuildPhase;
			buildActionMask = 2147483647;
			files = (
			);
			runOnlyForDeploymentPostprocessing = 0;
		};
/* End PBXFrameworksBuildPhase section */

/* Begin PBXGroup section */
		9213873F3E7AD4038BD4FAC2 /* Pods */ = {
			isa = PBXGroup;
			children = (
				88FEDE5913035D01D3B26C40 /* Pods.debug.xcconfig */,
				A05F17557B2F5981DA69E953 /* Pods.release.xcconfig */,
			);
			name = Pods;
			sourceTree = "<group>";
		};
		96FD7264F0A4E7E650BCF1E1 /* Frameworks */ = {
			isa = PBXGroup;
			children = (
				4BE1145529EE6CC731D0D40B /* libPods.a */,
			);
			name = Frameworks;
			sourceTree = "<group>";
		};
		EB3D0F831C73018000C468FC = {
			isa = PBXGroup;
			children = (
				EB3D0F8E1C73018000C468FC /* lists */,
				EB3D0FA81C73018000C468FC /* listsTests */,
				EB3D0FB31C73018100C468FC /* listsUITests */,
				EB3D0F8D1C73018000C468FC /* Products */,
				9213873F3E7AD4038BD4FAC2 /* Pods */,
				96FD7264F0A4E7E650BCF1E1 /* Frameworks */,
			);
			sourceTree = "<group>";
		};
		EB3D0F8D1C73018000C468FC /* Products */ = {
			isa = PBXGroup;
			children = (
				EB3D0F8C1C73018000C468FC /* lists.app */,
				EB3D0FA51C73018000C468FC /* listsTests.xctest */,
				EB3D0FB01C73018100C468FC /* listsUITests.xctest */,
			);
			name = Products;
			sourceTree = "<group>";
		};
		EB3D0F8E1C73018000C468FC /* lists */ = {
			isa = PBXGroup;
			children = (
				EB3D0F9B1C73018000C468FC /* Assets.xcassets */,
				EB3D0F9D1C73018000C468FC /* LaunchScreen.storyboard */,
				EB3D0FA01C73018000C468FC /* Info.plist */,
				EB3D0F981C73018000C468FC /* Main.storyboard */,
				EB3D0F921C73018000C468FC /* AppDelegate.h */,
				EB3D0F931C73018000C468FC /* AppDelegate.m */,
				EBD2244E1C7D02A000BFB4A6 /* HomeTableViewController.h */,
				EBD2244F1C7D02A000BFB4A6 /* HomeTableViewController.m */,
				EBC5404A1C7E1A7E0038A645 /* ListTableViewCell.h */,
				EBC5404B1C7E1A7E0038A645 /* ListTableViewCell.m */,
				EBC5404D1C7E3CF80038A645 /* ListDetailViewController.h */,
				EBC5404E1C7E3CF80038A645 /* ListDetailViewController.m */,
				EBC540501C7E3FC30038A645 /* ListTextItemTableViewCell.h */,
				EBC540511C7E3FC30038A645 /* ListTextItemTableViewCell.m */,
				EB3D0F8F1C73018000C468FC /* Supporting Files */,
			);
			path = lists;
			sourceTree = "<group>";
		};
		EB3D0F8F1C73018000C468FC /* Supporting Files */ = {
			isa = PBXGroup;
			children = (
				EB3D0F901C73018000C468FC /* main.m */,
			);
			name = "Supporting Files";
			sourceTree = "<group>";
		};
		EB3D0FA81C73018000C468FC /* listsTests */ = {
			isa = PBXGroup;
			children = (
				EB3D0FA91C73018000C468FC /* listsTests.m */,
				EB3D0FAB1C73018000C468FC /* Info.plist */,
			);
			path = listsTests;
			sourceTree = "<group>";
		};
		EB3D0FB31C73018100C468FC /* listsUITests */ = {
			isa = PBXGroup;
			children = (
				EB3D0FB41C73018100C468FC /* listsUITests.m */,
				EB3D0FB61C73018100C468FC /* Info.plist */,
			);
			path = listsUITests;
			sourceTree = "<group>";
		};
/* End PBXGroup section */

/* Begin PBXNativeTarget section */
		EB3D0F8B1C73018000C468FC /* lists */ = {
			isa = PBXNativeTarget;
			buildConfigurationList = EB3D0FB91C73018100C468FC /* Build configuration list for PBXNativeTarget "lists" */;
			buildPhases = (
				EB3D0F881C73018000C468FC /* Sources */,
				EB3D0F891C73018000C468FC /* Frameworks */,
				EB3D0F8A1C73018000C468FC /* Resources */,
			);
			buildRules = (
			);
			dependencies = (
			);
			name = lists;
			productName = lists;
			productReference = EB3D0F8C1C73018000C468FC /* lists.app */;
			productType = "com.apple.product-type.application";
		};
		EB3D0FA41C73018000C468FC /* listsTests */ = {
			isa = PBXNativeTarget;
			buildConfigurationList = EB3D0FBC1C73018100C468FC /* Build configuration list for PBXNativeTarget "listsTests" */;
			buildPhases = (
				EB3D0FA11C73018000C468FC /* Sources */,
				EB3D0FA21C73018000C468FC /* Frameworks */,
				EB3D0FA31C73018000C468FC /* Resources */,
			);
			buildRules = (
			);
			dependencies = (
				EB3D0FA71C73018000C468FC /* PBXTargetDependency */,
			);
			name = listsTests;
			productName = listsTests;
			productReference = EB3D0FA51C73018000C468FC /* listsTests.xctest */;
			productType = "com.apple.product-type.bundle.unit-test";
		};
		EB3D0FAF1C73018000C468FC /* listsUITests */ = {
			isa = PBXNativeTarget;
			buildConfigurationList = EB3D0FBF1C73018100C468FC /* Build configuration list for PBXNativeTarget "listsUITests" */;
			buildPhases = (
				EB3D0FAC1C73018000C468FC /* Sources */,
				EB3D0FAD1C73018000C468FC /* Frameworks */,
				EB3D0FAE1C73018000C468FC /* Resources */,
			);
			buildRules = (
			);
			dependencies = (
				EB3D0FB21C73018100C468FC /* PBXTargetDependency */,
			);
			name = listsUITests;
			productName = listsUITests;
			productReference = EB3D0FB01C73018100C468FC /* listsUITests.xctest */;
			productType = "com.apple.product-type.bundle.ui-testing";
		};
/* End PBXNativeTarget section */

/* Begin PBXProject section */
		EB3D0F841C73018000C468FC /* Project object */ = {
			isa = PBXProject;
			attributes = {
				LastUpgradeCheck = 0720;
				ORGANIZATIONNAME = Mesh8;
				TargetAttributes = {
					EB3D0F8B1C73018000C468FC = {
						CreatedOnToolsVersion = 7.2.1;
					};
					EB3D0FA41C73018000C468FC = {
						CreatedOnToolsVersion = 7.2.1;
						TestTargetID = EB3D0F8B1C73018000C468FC;
					};
					EB3D0FAF1C73018000C468FC = {
						CreatedOnToolsVersion = 7.2.1;
						TestTargetID = EB3D0F8B1C73018000C468FC;
					};
				};
			};
			buildConfigurationList = EB3D0F871C73018000C468FC /* Build configuration list for PBXProject "lists" */;
			compatibilityVersion = "Xcode 3.2";
			developmentRegion = English;
			hasScannedForEncodings = 0;
			knownRegions = (
				en,
				Base,
			);
			mainGroup = EB3D0F831C73018000C468FC;
			productRefGroup = EB3D0F8D1C73018000C468FC /* Products */;
			projectDirPath = "";
			projectRoot = "";
			targets = (
				EB3D0F8B1C73018000C468FC /* lists */,
				EB3D0FA41C73018000C468FC /* listsTests */,
				EB3D0FAF1C73018000C468FC /* listsUITests */,
			);
		};
/* End PBXProject section */

/* Begin PBXResourcesBuildPhase section */
		EB3D0F8A1C73018000C468FC /* Resources */ = {
			isa = PBXResourcesBuildPhase;
			buildActionMask = 2147483647;
			files = (
				EB3D0F9F1C73018000C468FC /* LaunchScreen.storyboard in Resources */,
				EB3D0F9C1C73018000C468FC /* Assets.xcassets in Resources */,
				EB3D0F9A1C73018000C468FC /* Main.storyboard in Resources */,
			);
			runOnlyForDeploymentPostprocessing = 0;
		};
		EB3D0FA31C73018000C468FC /* Resources */ = {
			isa = PBXResourcesBuildPhase;
			buildActionMask = 2147483647;
			files = (
			);
			runOnlyForDeploymentPostprocessing = 0;
		};
		EB3D0FAE1C73018000C468FC /* Resources */ = {
			isa = PBXResourcesBuildPhase;
			buildActionMask = 2147483647;
			files = (
			);
			runOnlyForDeploymentPostprocessing = 0;
		};
/* End PBXResourcesBuildPhase section */

/* Begin PBXSourcesBuildPhase section */
		EB3D0F881C73018000C468FC /* Sources */ = {
			isa = PBXSourcesBuildPhase;
			buildActionMask = 2147483647;
			files = (
				EBD224501C7D02A000BFB4A6 /* HomeTableViewController.m in Sources */,
				EBC540521C7E3FC30038A645 /* ListTextItemTableViewCell.m in Sources */,
				EBC5404C1C7E1A7E0038A645 /* ListTableViewCell.m in Sources */,
				EB3D0F941C73018000C468FC /* AppDelegate.m in Sources */,
				EBC5404F1C7E3CF80038A645 /* ListDetailViewController.m in Sources */,
				EB3D0F911C73018000C468FC /* main.m in Sources */,
			);
			runOnlyForDeploymentPostprocessing = 0;
		};
		EB3D0FA11C73018000C468FC /* Sources */ = {
			isa = PBXSourcesBuildPhase;
			buildActionMask = 2147483647;
			files = (
				EB3D0FAA1C73018000C468FC /* listsTests.m in Sources */,
			);
			runOnlyForDeploymentPostprocessing = 0;
		};
		EB3D0FAC1C73018000C468FC /* Sources */ = {
			isa = PBXSourcesBuildPhase;
			buildActionMask = 2147483647;
			files = (
				EB3D0FB51C73018100C468FC /* listsUITests.m in Sources */,
			);
			runOnlyForDeploymentPostprocessing = 0;
		};
/* End PBXSourcesBuildPhase section */

/* Begin PBXTargetDependency section */
		EB3D0FA71C73018000C468FC /* PBXTargetDependency */ = {
			isa = PBXTargetDependency;
			target = EB3D0F8B1C73018000C468FC /* lists */;
			targetProxy = EB3D0FA61C73018000C468FC /* PBXContainerItemProxy */;
		};
		EB3D0FB21C73018100C468FC /* PBXTargetDependency */ = {
			isa = PBXTargetDependency;
			target = EB3D0F8B1C73018000C468FC /* lists */;
			targetProxy = EB3D0FB11C73018100C468FC /* PBXContainerItemProxy */;
		};
/* End PBXTargetDependency section */

/* Begin PBXVariantGroup section */
		EB3D0F981C73018000C468FC /* Main.storyboard */ = {
			isa = PBXVariantGroup;
			children = (
				EB3D0F991C73018000C468FC /* Base */,
			);
			name = Main.storyboard;
			sourceTree = "<group>";
		};
		EB3D0F9D1C73018000C468FC /* LaunchScreen.storyboard */ = {
			isa = PBXVariantGroup;
			children = (
				EB3D0F9E1C73018000C468FC /* Base */,
			);
			name = LaunchScreen.storyboard;
			sourceTree = "<group>";
		};
/* End PBXVariantGroup section */

/* Begin XCBuildConfiguration section */
		EB3D0FB71C73018100C468FC /* Debug */ = {
			isa = XCBuildConfiguration;
			buildSettings = {
				ALWAYS_SEARCH_USER_PATHS = NO;
				CLANG_CXX_LANGUAGE_STANDARD = "gnu++0x";
				CLANG_CXX_LIBRARY = "libc++";
				CLANG_ENABLE_MODULES = YES;
				CLANG_ENABLE_OBJC_ARC = YES;
				CLANG_WARN_BOOL_CONVERSION = YES;
				CLANG_WARN_CONSTANT_CONVERSION = YES;
				CLANG_WARN_DIRECT_OBJC_ISA_USAGE = YES_ERROR;
				CLANG_WARN_EMPTY_BODY = YES;
				CLANG_WARN_ENUM_CONVERSION = YES;
				CLANG_WARN_INT_CONVERSION = YES;
				CLANG_WARN_OBJC_ROOT_CLASS = YES_ERROR;
				CLANG_WARN_UNREACHABLE_CODE = YES;
				CLANG_WARN__DUPLICATE_METHOD_MATCH = YES;
				"CODE_SIGN_IDENTITY[sdk=iphoneos*]" = "iPhone Developer";
				COPY_PHASE_STRIP = NO;
				DEBUG_INFORMATION_FORMAT = dwarf;
				ENABLE_STRICT_OBJC_MSGSEND = YES;
				ENABLE_TESTABILITY = YES;
				GCC_C_LANGUAGE_STANDARD = gnu99;
				GCC_DYNAMIC_NO_PIC = NO;
				GCC_NO_COMMON_BLOCKS = YES;
				GCC_OPTIMIZATION_LEVEL = 0;
				GCC_PREPROCESSOR_DEFINITIONS = (
					"DEBUG=1",
					"$(inherited)",
				);
				GCC_WARN_64_TO_32_BIT_CONVERSION = YES;
				GCC_WARN_ABOUT_RETURN_TYPE = YES_ERROR;
				GCC_WARN_UNDECLARED_SELECTOR = YES;
				GCC_WARN_UNINITIALIZED_AUTOS = YES_AGGRESSIVE;
				GCC_WARN_UNUSED_FUNCTION = YES;
				GCC_WARN_UNUSED_VARIABLE = YES;
				IPHONEOS_DEPLOYMENT_TARGET = 9.2;
				MTL_ENABLE_DEBUG_INFO = YES;
				ONLY_ACTIVE_ARCH = YES;
				SDKROOT = iphoneos;
			};
			name = Debug;
		};
		EB3D0FB81C73018100C468FC /* Release */ = {
			isa = XCBuildConfiguration;
			buildSettings = {
				ALWAYS_SEARCH_USER_PATHS = NO;
				CLANG_CXX_LANGUAGE_STANDARD = "gnu++0x";
				CLANG_CXX_LIBRARY = "libc++";
				CLANG_ENABLE_MODULES = YES;
				CLANG_ENABLE_OBJC_ARC = YES;
				CLANG_WARN_BOOL_CONVERSION = YES;
				CLANG_WARN_CONSTANT_CONVERSION = YES;
				CLANG_WARN_DIRECT_OBJC_ISA_USAGE = YES_ERROR;
				CLANG_WARN_EMPTY_BODY = YES;
				CLANG_WARN_ENUM_CONVERSION = YES;
				CLANG_WARN_INT_CONVERSION = YES;
				CLANG_WARN_OBJC_ROOT_CLASS = YES_ERROR;
				CLANG_WARN_UNREACHABLE_CODE = YES;
				CLANG_WARN__DUPLICATE_METHOD_MATCH = YES;
				"CODE_SIGN_IDENTITY[sdk=iphoneos*]" = "iPhone Developer";
				COPY_PHASE_STRIP = NO;
				DEBUG_INFORMATION_FORMAT = "dwarf-with-dsym";
				ENABLE_NS_ASSERTIONS = NO;
				ENABLE_STRICT_OBJC_MSGSEND = YES;
				GCC_C_LANGUAGE_STANDARD = gnu99;
				GCC_NO_COMMON_BLOCKS = YES;
				GCC_WARN_64_TO_32_BIT_CONVERSION = YES;
				GCC_WARN_ABOUT_RETURN_TYPE = YES_ERROR;
				GCC_WARN_UNDECLARED_SELECTOR = YES;
				GCC_WARN_UNINITIALIZED_AUTOS = YES_AGGRESSIVE;
				GCC_WARN_UNUSED_FUNCTION = YES;
				GCC_WARN_UNUSED_VARIABLE = YES;
				IPHONEOS_DEPLOYMENT_TARGET = 9.2;
				MTL_ENABLE_DEBUG_INFO = NO;
				SDKROOT = iphoneos;
				VALIDATE_PRODUCT = YES;
			};
			name = Release;
		};
		EB3D0FBA1C73018100C468FC /* Debug */ = {
			isa = XCBuildConfiguration;
			baseConfigurationReference = 88FEDE5913035D01D3B26C40 /* Pods.debug.xcconfig */;
			buildSettings = {
				ASSETCATALOG_COMPILER_APPICON_NAME = AppIcon;
				INFOPLIST_FILE = lists/Info.plist;
				LD_RUNPATH_SEARCH_PATHS = "$(inherited) @executable_path/Frameworks";
				PRODUCT_BUNDLE_IDENTIFIER = com.mesh8.lists;
				PRODUCT_NAME = "$(TARGET_NAME)";
			};
			name = Debug;
		};
		EB3D0FBB1C73018100C468FC /* Release */ = {
			isa = XCBuildConfiguration;
			baseConfigurationReference = A05F17557B2F5981DA69E953 /* Pods.release.xcconfig */;
			buildSettings = {
				ASSETCATALOG_COMPILER_APPICON_NAME = AppIcon;
				INFOPLIST_FILE = lists/Info.plist;
				LD_RUNPATH_SEARCH_PATHS = "$(inherited) @executable_path/Frameworks";
				PRODUCT_BUNDLE_IDENTIFIER = com.mesh8.lists;
				PRODUCT_NAME = "$(TARGET_NAME)";
			};
			name = Release;
		};
		EB3D0FBD1C73018100C468FC /* Debug */ = {
			isa = XCBuildConfiguration;
			buildSettings = {
				BUNDLE_LOADER = "$(TEST_HOST)";
				INFOPLIST_FILE = listsTests/Info.plist;
				LD_RUNPATH_SEARCH_PATHS = "$(inherited) @executable_path/Frameworks @loader_path/Frameworks";
				PRODUCT_BUNDLE_IDENTIFIER = com.mesh8.listsTests;
				PRODUCT_NAME = "$(TARGET_NAME)";
				TEST_HOST = "$(BUILT_PRODUCTS_DIR)/lists.app/lists";
			};
			name = Debug;
		};
		EB3D0FBE1C73018100C468FC /* Release */ = {
			isa = XCBuildConfiguration;
			buildSettings = {
				BUNDLE_LOADER = "$(TEST_HOST)";
				INFOPLIST_FILE = listsTests/Info.plist;
				LD_RUNPATH_SEARCH_PATHS = "$(inherited) @executable_path/Frameworks @loader_path/Frameworks";
				PRODUCT_BUNDLE_IDENTIFIER = com.mesh8.listsTests;
				PRODUCT_NAME = "$(TARGET_NAME)";
				TEST_HOST = "$(BUILT_PRODUCTS_DIR)/lists.app/lists";
			};
			name = Release;
		};
		EB3D0FC01C73018100C468FC /* Debug */ = {
			isa = XCBuildConfiguration;
			buildSettings = {
				INFOPLIST_FILE = listsUITests/Info.plist;
				LD_RUNPATH_SEARCH_PATHS = "$(inherited) @executable_path/Frameworks @loader_path/Frameworks";
				PRODUCT_BUNDLE_IDENTIFIER = com.mesh8.listsUITests;
				PRODUCT_NAME = "$(TARGET_NAME)";
				TEST_TARGET_NAME = lists;
				USES_XCTRUNNER = YES;
			};
			name = Debug;
		};
		EB3D0FC11C73018100C468FC /* Release */ = {
			isa = XCBuildConfiguration;
			buildSettings = {
				INFOPLIST_FILE = listsUITests/Info.plist;
				LD_RUNPATH_SEARCH_PATHS = "$(inherited) @executable_path/Frameworks @loader_path/Frameworks";
				PRODUCT_BUNDLE_IDENTIFIER = com.mesh8.listsUITests;
				PRODUCT_NAME = "$(TARGET_NAME)";
				TEST_TARGET_NAME = lists;
				USES_XCTRUNNER = YES;
			};
			name = Release;
		};
/* End XCBuildConfiguration section */

/* Begin XCConfigurationList section */
		EB3D0F871C73018000C468FC /* Build configuration list for PBXProject "lists" */ = {
			isa = XCConfigurationList;
			buildConfigurations = (
				EB3D0FB71C73018100C468FC /* Debug */,
				EB3D0FB81C73018100C468FC /* Release */,
			);
			defaultConfigurationIsVisible = 0;
			defaultConfigurationName = Release;
		};
		EB3D0FB91C73018100C468FC /* Build configuration list for PBXNativeTarget "lists" */ = {
			isa = XCConfigurationList;
			buildConfigurations = (
				EB3D0FBA1C73018100C468FC /* Debug */,
				EB3D0FBB1C73018100C468FC /* Release */,
			);
			defaultConfigurationIsVisible = 0;
			defaultConfigurationName = Release;
		};
		EB3D0FBC1C73018100C468FC /* Build configuration list for PBXNativeTarget "listsTests" */ = {
			isa = XCConfigurationList;
			buildConfigurations = (
				EB3D0FBD1C73018100C468FC /* Debug */,
				EB3D0FBE1C73018100C468FC /* Release */,
			);
			defaultConfigurationIsVisible = 0;
			defaultConfigurationName = Release;
		};
		EB3D0FBF1C73018100C468FC /* Build configuration list for PBXNativeTarget "listsUITests" */ = {
			isa = XCConfigurationList;
			buildConfigurations = (
				EB3D0FC01C73018100C468FC /* Debug */,
				EB3D0FC11C73018100C468FC /* Release */,
			);
			defaultConfigurationIsVisible = 0;
			defaultConfigurationName = Release;
		};
/* End XCConfigurationList section */
	};
	rootObject = EB3D0F841C73018000C468FC /* Project object */;
}
